// !$*UTF8*$!
{
	archiveVersion = 1;
	classes = {
	};
	objectVersion = 50;
	objects = {

/* Begin PBXBuildFile section */
		CEED17E4227CCBFD001E611C /* AppDelegate.swift in Sources */ = {isa = PBXBuildFile; fileRef = CEED17E3227CCBFD001E611C /* AppDelegate.swift */; };
		CEED17E6227CCBFD001E611C /* ViewController.swift in Sources */ = {isa = PBXBuildFile; fileRef = CEED17E5227CCBFD001E611C /* ViewController.swift */; };
		CEED17E9227CCBFD001E611C /* Main.storyboard in Resources */ = {isa = PBXBuildFile; fileRef = CEED17E7227CCBFD001E611C /* Main.storyboard */; };
		CEED17EB227CCBFF001E611C /* Assets.xcassets in Resources */ = {isa = PBXBuildFile; fileRef = CEED17EA227CCBFF001E611C /* Assets.xcassets */; };
		CEED17EE227CCBFF001E611C /* LaunchScreen.storyboard in Resources */ = {isa = PBXBuildFile; fileRef = CEED17EC227CCBFF001E611C /* LaunchScreen.storyboard */; };
		CEED17F7227CCD59001E611C /* Extensions.swift in Sources */ = {isa = PBXBuildFile; fileRef = CEED17F6227CCD59001E611C /* Extensions.swift */; };
		CEED17FC227CCE18001E611C /* TimingFunction.swift in Sources */ = {isa = PBXBuildFile; fileRef = CEED17FA227CCE18001E611C /* TimingFunction.swift */; };
		CEED17FD227CCE18001E611C /* UnitBezier.swift in Sources */ = {isa = PBXBuildFile; fileRef = CEED17FB227CCE18001E611C /* UnitBezier.swift */; };
/* End PBXBuildFile section */

/* Begin PBXFileReference section */
		CEED17E0227CCBFD001E611C /* FluidCard.app */ = {isa = PBXFileReference; explicitFileType = wrapper.application; includeInIndex = 0; path = FluidCard.app; sourceTree = BUILT_PRODUCTS_DIR; };
		CEED17E3227CCBFD001E611C /* AppDelegate.swift */ = {isa = PBXFileReference; lastKnownFileType = sourcecode.swift; path = AppDelegate.swift; sourceTree = "<group>"; };
		CEED17E5227CCBFD001E611C /* ViewController.swift */ = {isa = PBXFileReference; lastKnownFileType = sourcecode.swift; path = ViewController.swift; sourceTree = "<group>"; };
		CEED17E8227CCBFD001E611C /* Base */ = {isa = PBXFileReference; lastKnownFileType = file.storyboard; name = Base; path = Base.lproj/Main.storyboard; sourceTree = "<group>"; };
		CEED17EA227CCBFF001E611C /* Assets.xcassets */ = {isa = PBXFileReference; lastKnownFileType = folder.assetcatalog; path = Assets.xcassets; sourceTree = "<group>"; };
		CEED17ED227CCBFF001E611C /* Base */ = {isa = PBXFileReference; lastKnownFileType = file.storyboard; name = Base; path = Base.lproj/LaunchScreen.storyboard; sourceTree = "<group>"; };
		CEED17EF227CCBFF001E611C /* Info.plist */ = {isa = PBXFileReference; lastKnownFileType = text.plist.xml; path = Info.plist; sourceTree = "<group>"; };
		CEED17F6227CCD59001E611C /* Extensions.swift */ = {isa = PBXFileReference; lastKnownFileType = sourcecode.swift; path = Extensions.swift; sourceTree = "<group>"; };
		CEED17FA227CCE18001E611C /* TimingFunction.swift */ = {isa = PBXFileReference; fileEncoding = 4; lastKnownFileType = sourcecode.swift; path = TimingFunction.swift; sourceTree = "<group>"; };
		CEED17FB227CCE18001E611C /* UnitBezier.swift */ = {isa = PBXFileReference; fileEncoding = 4; lastKnownFileType = sourcecode.swift; path = UnitBezier.swift; sourceTree = "<group>"; };
/* End PBXFileReference section */

/* Begin PBXFrameworksBuildPhase section */
		CEED17DD227CCBFD001E611C /* Frameworks */ = {
			isa = PBXFrameworksBuildPhase;
			buildActionMask = 2147483647;
			files = (
			);
			runOnlyForDeploymentPostprocessing = 0;
		};
/* End PBXFrameworksBuildPhase section */

/* Begin PBXGroup section */
		CEED17D7227CCBFD001E611C = {
			isa = PBXGroup;
			children = (
				CEED17F9227CCDB7001E611C /* Sample */,
				CEED17E2227CCBFD001E611C /* FluidCard */,
				CEED17E1227CCBFD001E611C /* Products */,
			);
			sourceTree = "<group>";
		};
		CEED17E1227CCBFD001E611C /* Products */ = {
			isa = PBXGroup;
			children = (
				CEED17E0227CCBFD001E611C /* FluidCard.app */,
			);
			name = Products;
			sourceTree = "<group>";
		};
		CEED17E2227CCBFD001E611C /* FluidCard */ = {
			isa = PBXGroup;
			children = (
				CEED17F8227CCD7D001E611C /* TimingFunctions */,
				CEED17F5227CCD49001E611C /* Extensions */,
			);
			path = FluidCard;
			sourceTree = "<group>";
		};
		CEED17F5227CCD49001E611C /* Extensions */ = {
			isa = PBXGroup;
			children = (
				CEED17F6227CCD59001E611C /* Extensions.swift */,
			);
			path = Extensions;
			sourceTree = "<group>";
		};
		CEED17F8227CCD7D001E611C /* TimingFunctions */ = {
			isa = PBXGroup;
			children = (
				CEED17FA227CCE18001E611C /* TimingFunction.swift */,
				CEED17FB227CCE18001E611C /* UnitBezier.swift */,
			);
			path = TimingFunctions;
			sourceTree = "<group>";
		};
		CEED17F9227CCDB7001E611C /* Sample */ = {
			isa = PBXGroup;
			children = (
				CEED17E3227CCBFD001E611C /* AppDelegate.swift */,
				CEED17E5227CCBFD001E611C /* ViewController.swift */,
				CEED17E7227CCBFD001E611C /* Main.storyboard */,
				CEED17EA227CCBFF001E611C /* Assets.xcassets */,
				CEED17EC227CCBFF001E611C /* LaunchScreen.storyboard */,
				CEED17EF227CCBFF001E611C /* Info.plist */,
			);
			path = Sample;
			sourceTree = "<group>";
		};
/* End PBXGroup section */

/* Begin PBXNativeTarget section */
		CEED17DF227CCBFD001E611C /* FluidCard */ = {
			isa = PBXNativeTarget;
			buildConfigurationList = CEED17F2227CCBFF001E611C /* Build configuration list for PBXNativeTarget "FluidCard" */;
			buildPhases = (
				CEED17DC227CCBFD001E611C /* Sources */,
				CEED17DD227CCBFD001E611C /* Frameworks */,
				CEED17DE227CCBFD001E611C /* Resources */,
			);
			buildRules = (
			);
			dependencies = (
			);
			name = FluidCard;
			productName = FluidCard;
			productReference = CEED17E0227CCBFD001E611C /* FluidCard.app */;
			productType = "com.apple.product-type.application";
		};
/* End PBXNativeTarget section */

/* Begin PBXProject section */
		CEED17D8227CCBFD001E611C /* Project object */ = {
			isa = PBXProject;
			attributes = {
				LastSwiftUpdateCheck = 1020;
				LastUpgradeCheck = 1020;
				ORGANIZATIONNAME = Cuberto;
				TargetAttributes = {
					CEED17DF227CCBFD001E611C = {
						CreatedOnToolsVersion = 10.2.1;
					};
				};
			};
			buildConfigurationList = CEED17DB227CCBFD001E611C /* Build configuration list for PBXProject "FluidCard" */;
			compatibilityVersion = "Xcode 9.3";
			developmentRegion = en;
			hasScannedForEncodings = 0;
			knownRegions = (
				en,
				Base,
			);
			mainGroup = CEED17D7227CCBFD001E611C;
			productRefGroup = CEED17E1227CCBFD001E611C /* Products */;
			projectDirPath = "";
			projectRoot = "";
			targets = (
				CEED17DF227CCBFD001E611C /* FluidCard */,
			);
		};
/* End PBXProject section */

/* Begin PBXResourcesBuildPhase section */
		CEED17DE227CCBFD001E611C /* Resources */ = {
			isa = PBXResourcesBuildPhase;
			buildActionMask = 2147483647;
			files = (
				CEED17EE227CCBFF001E611C /* LaunchScreen.storyboard in Resources */,
				CEED17EB227CCBFF001E611C /* Assets.xcassets in Resources */,
				CEED17E9227CCBFD001E611C /* Main.storyboard in Resources */,
			);
			runOnlyForDeploymentPostprocessing = 0;
		};
/* End PBXResourcesBuildPhase section */

/* Begin PBXSourcesBuildPhase section */
		CEED17DC227CCBFD001E611C /* Sources */ = {
			isa = PBXSourcesBuildPhase;
			buildActionMask = 2147483647;
			files = (
				CEED17E6227CCBFD001E611C /* ViewController.swift in Sources */,
				CEED17FC227CCE18001E611C /* TimingFunction.swift in Sources */,
				CEED17F7227CCD59001E611C /* Extensions.swift in Sources */,
				CEED17FD227CCE18001E611C /* UnitBezier.swift in Sources */,
				CEED17E4227CCBFD001E611C /* AppDelegate.swift in Sources */,
			);
			runOnlyForDeploymentPostprocessing = 0;
		};
/* End PBXSourcesBuildPhase section */

/* Begin PBXVariantGroup section */
		CEED17E7227CCBFD001E611C /* Main.storyboard */ = {
			isa = PBXVariantGroup;
			children = (
				CEED17E8227CCBFD001E611C /* Base */,
			);
			name = Main.storyboard;
			sourceTree = "<group>";
		};
		CEED17EC227CCBFF001E611C /* LaunchScreen.storyboard */ = {
			isa = PBXVariantGroup;
			children = (
				CEED17ED227CCBFF001E611C /* Base */,
			);
			name = LaunchScreen.storyboard;
			sourceTree = "<group>";
		};
/* End PBXVariantGroup section */

/* Begin XCBuildConfiguration section */
		CEED17F0227CCBFF001E611C /* Debug */ = {
			isa = XCBuildConfiguration;
			buildSettings = {
				ALWAYS_SEARCH_USER_PATHS = NO;
				CLANG_ANALYZER_NONNULL = YES;
				CLANG_ANALYZER_NUMBER_OBJECT_CONVERSION = YES_AGGRESSIVE;
				CLANG_CXX_LANGUAGE_STANDARD = "gnu++14";
				CLANG_CXX_LIBRARY = "libc++";
				CLANG_ENABLE_MODULES = YES;
				CLANG_ENABLE_OBJC_ARC = YES;
				CLANG_ENABLE_OBJC_WEAK = YES;
				CLANG_WARN_BLOCK_CAPTURE_AUTORELEASING = YES;
				CLANG_WARN_BOOL_CONVERSION = YES;
				CLANG_WARN_COMMA = YES;
				CLANG_WARN_CONSTANT_CONVERSION = YES;
				CLANG_WARN_DEPRECATED_OBJC_IMPLEMENTATIONS = YES;
				CLANG_WARN_DIRECT_OBJC_ISA_USAGE = YES_ERROR;
				CLANG_WARN_DOCUMENTATION_COMMENTS = YES;
				CLANG_WARN_EMPTY_BODY = YES;
				CLANG_WARN_ENUM_CONVERSION = YES;
				CLANG_WARN_INFINITE_RECURSION = YES;
				CLANG_WARN_INT_CONVERSION = YES;
				CLANG_WARN_NON_LITERAL_NULL_CONVERSION = YES;
				CLANG_WARN_OBJC_IMPLICIT_RETAIN_SELF = YES;
				CLANG_WARN_OBJC_LITERAL_CONVERSION = YES;
				CLANG_WARN_OBJC_ROOT_CLASS = YES_ERROR;
				CLANG_WARN_RANGE_LOOP_ANALYSIS = YES;
				CLANG_WARN_STRICT_PROTOTYPES = YES;
				CLANG_WARN_SUSPICIOUS_MOVE = YES;
				CLANG_WARN_UNGUARDED_AVAILABILITY = YES_AGGRESSIVE;
				CLANG_WARN_UNREACHABLE_CODE = YES;
				CLANG_WARN__DUPLICATE_METHOD_MATCH = YES;
				CODE_SIGN_IDENTITY = "iPhone Developer";
				COPY_PHASE_STRIP = NO;
				DEBUG_INFORMATION_FORMAT = dwarf;
				ENABLE_STRICT_OBJC_MSGSEND = YES;
				ENABLE_TESTABILITY = YES;
				GCC_C_LANGUAGE_STANDARD = gnu11;
				GCC_DYNAMIC_NO_PIC = NO;
				GCC_NO_COMMON_BLOCKS = YES;
				GCC_OPTIMIZATION_LEVEL = 0;
				GCC_PREPROCESSOR_DEFINITIONS = (
					"DEBUG=1",
					"$(inherited)",
				);
				GCC_WARN_64_TO_32_BIT_CONVERSION = YES;
				GCC_WARN_ABOUT_RETURN_TYPE = YES_ERROR;
				GCC_WARN_UNDECLARED_SELECTOR = YES;
				GCC_WARN_UNINITIALIZED_AUTOS = YES_AGGRESSIVE;
				GCC_WARN_UNUSED_FUNCTION = YES;
				GCC_WARN_UNUSED_VARIABLE = YES;
				IPHONEOS_DEPLOYMENT_TARGET = 12.2;
				MTL_ENABLE_DEBUG_INFO = INCLUDE_SOURCE;
				MTL_FAST_MATH = YES;
				ONLY_ACTIVE_ARCH = YES;
				SDKROOT = iphoneos;
				SWIFT_ACTIVE_COMPILATION_CONDITIONS = DEBUG;
				SWIFT_OPTIMIZATION_LEVEL = "-Onone";
			};
			name = Debug;
		};
		CEED17F1227CCBFF001E611C /* Release */ = {
			isa = XCBuildConfiguration;
			buildSettings = {
				ALWAYS_SEARCH_USER_PATHS = NO;
				CLANG_ANALYZER_NONNULL = YES;
				CLANG_ANALYZER_NUMBER_OBJECT_CONVERSION = YES_AGGRESSIVE;
				CLANG_CXX_LANGUAGE_STANDARD = "gnu++14";
				CLANG_CXX_LIBRARY = "libc++";
				CLANG_ENABLE_MODULES = YES;
				CLANG_ENABLE_OBJC_ARC = YES;
				CLANG_ENABLE_OBJC_WEAK = YES;
				CLANG_WARN_BLOCK_CAPTURE_AUTORELEASING = YES;
				CLANG_WARN_BOOL_CONVERSION = YES;
				CLANG_WARN_COMMA = YES;
				CLANG_WARN_CONSTANT_CONVERSION = YES;
				CLANG_WARN_DEPRECATED_OBJC_IMPLEMENTATIONS = YES;
				CLANG_WARN_DIRECT_OBJC_ISA_USAGE = YES_ERROR;
				CLANG_WARN_DOCUMENTATION_COMMENTS = YES;
				CLANG_WARN_EMPTY_BODY = YES;
				CLANG_WARN_ENUM_CONVERSION = YES;
				CLANG_WARN_INFINITE_RECURSION = YES;
				CLANG_WARN_INT_CONVERSION = YES;
				CLANG_WARN_NON_LITERAL_NULL_CONVERSION = YES;
				CLANG_WARN_OBJC_IMPLICIT_RETAIN_SELF = YES;
				CLANG_WARN_OBJC_LITERAL_CONVERSION = YES;
				CLANG_WARN_OBJC_ROOT_CLASS = YES_ERROR;
				CLANG_WARN_RANGE_LOOP_ANALYSIS = YES;
				CLANG_WARN_STRICT_PROTOTYPES = YES;
				CLANG_WARN_SUSPICIOUS_MOVE = YES;
				CLANG_WARN_UNGUARDED_AVAILABILITY = YES_AGGRESSIVE;
				CLANG_WARN_UNREACHABLE_CODE = YES;
				CLANG_WARN__DUPLICATE_METHOD_MATCH = YES;
				CODE_SIGN_IDENTITY = "iPhone Developer";
				COPY_PHASE_STRIP = NO;
				DEBUG_INFORMATION_FORMAT = "dwarf-with-dsym";
				ENABLE_NS_ASSERTIONS = NO;
				ENABLE_STRICT_OBJC_MSGSEND = YES;
				GCC_C_LANGUAGE_STANDARD = gnu11;
				GCC_NO_COMMON_BLOCKS = YES;
				GCC_WARN_64_TO_32_BIT_CONVERSION = YES;
				GCC_WARN_ABOUT_RETURN_TYPE = YES_ERROR;
				GCC_WARN_UNDECLARED_SELECTOR = YES;
				GCC_WARN_UNINITIALIZED_AUTOS = YES_AGGRESSIVE;
				GCC_WARN_UNUSED_FUNCTION = YES;
				GCC_WARN_UNUSED_VARIABLE = YES;
				IPHONEOS_DEPLOYMENT_TARGET = 12.2;
				MTL_ENABLE_DEBUG_INFO = NO;
				MTL_FAST_MATH = YES;
				SDKROOT = iphoneos;
				SWIFT_COMPILATION_MODE = wholemodule;
				SWIFT_OPTIMIZATION_LEVEL = "-O";
				VALIDATE_PRODUCT = YES;
			};
			name = Release;
		};
		CEED17F3227CCBFF001E611C /* Debug */ = {
			isa = XCBuildConfiguration;
			buildSettings = {
				ASSETCATALOG_COMPILER_APPICON_NAME = AppIcon;
				CODE_SIGN_STYLE = Automatic;
				DEVELOPMENT_TEAM = SK7A63GXF6;
				INFOPLIST_FILE = Sample/Info.plist;
				IPHONEOS_DEPLOYMENT_TARGET = 11.0;
				LD_RUNPATH_SEARCH_PATHS = (
					"$(inherited)",
					"@executable_path/Frameworks",
				);
				PRODUCT_BUNDLE_IDENTIFIER = com.cuberto.components.FluidCard;
				PRODUCT_NAME = "$(TARGET_NAME)";
				SWIFT_VERSION = 5.0;
				TARGETED_DEVICE_FAMILY = 1;
			};
			name = Debug;
		};
		CEED17F4227CCBFF001E611C /* Release */ = {
			isa = XCBuildConfiguration;
			buildSettings = {
				ASSETCATALOG_COMPILER_APPICON_NAME = AppIcon;
				CODE_SIGN_STYLE = Automatic;
				DEVELOPMENT_TEAM = SK7A63GXF6;
				INFOPLIST_FILE = Sample/Info.plist;
				IPHONEOS_DEPLOYMENT_TARGET = 11.0;
				LD_RUNPATH_SEARCH_PATHS = (
					"$(inherited)",
					"@executable_path/Frameworks",
				);
				PRODUCT_BUNDLE_IDENTIFIER = com.cuberto.components.FluidCard;
				PRODUCT_NAME = "$(TARGET_NAME)";
				SWIFT_VERSION = 5.0;
				TARGETED_DEVICE_FAMILY = 1;
			};
			name = Release;
		};
/* End XCBuildConfiguration section */

/* Begin XCConfigurationList section */
		CEED17DB227CCBFD001E611C /* Build configuration list for PBXProject "FluidCard" */ = {
			isa = XCConfigurationList;
			buildConfigurations = (
				CEED17F0227CCBFF001E611C /* Debug */,
				CEED17F1227CCBFF001E611C /* Release */,
			);
			defaultConfigurationIsVisible = 0;
			defaultConfigurationName = Release;
		};
		CEED17F2227CCBFF001E611C /* Build configuration list for PBXNativeTarget "FluidCard" */ = {
			isa = XCConfigurationList;
			buildConfigurations = (
				CEED17F3227CCBFF001E611C /* Debug */,
				CEED17F4227CCBFF001E611C /* Release */,
			);
			defaultConfigurationIsVisible = 0;
			defaultConfigurationName = Release;
		};
/* End XCConfigurationList section */
	};
	rootObject = CEED17D8227CCBFD001E611C /* Project object */;
}
